
Microsoft Visual Studio Solution File, Format Version 12.00
# Visual Studio 15
VisualStudioVersion = 15.0.28010.2050
MinimumVisualStudioVersion = 10.0.40219.1
Project("{FAE04EC0-301F-11D3-BF4B-00C04F79EFBC}") = "Eomthoy.T4", "Eomthoy.T4\Eomthoy.T4.csproj", "{D0292EE4-2B5B-4B3C-947A-9CEFC7891841}"
EndProject
Project("{FAE04EC0-301F-11D3-BF4B-00C04F79EFBC}") = "Eomthoy.T4.DataBaseTest", "Eomthoy.T4.DataBaseTest\Eomthoy.T4.DataBaseTest.csproj", "{F8FAC13C-54BE-4B01-92B0-8CC514A61477}"
EndProject
Global
	GlobalSection(SolutionConfigurationPlatforms) = preSolution
		Debug|Any CPU = Debug|Any CPU
		Release|Any CPU = Release|Any CPU
	EndGlobalSection
	GlobalSection(ProjectConfigurationPlatforms) = postSolution
		{D0292EE4-2B5B-4B3C-947A-9CEFC7891841}.Debug|Any CPU.ActiveCfg = Debug|Any CPU
		{D0292EE4-2B5B-4B3C-947A-9CEFC7891841}.Debug|Any CPU.Build.0 = Debug|Any CPU
		{D0292EE4-2B5B-4B3C-947A-9CEFC7891841}.Release|Any CPU.ActiveCfg = Release|Any CPU
		{D0292EE4-2B5B-4B3C-947A-9CEFC7891841}.Release|Any CPU.Build.0 = Release|Any CPU
		{F8FAC13C-54BE-4B01-92B0-8CC514A61477}.Debug|Any CPU.ActiveCfg = Debug|Any CPU
		{F8FAC13C-54BE-4B01-92B0-8CC514A61477}.Debug|Any CPU.Build.0 = Debug|Any CPU
		{F8FAC13C-54BE-4B01-92B0-8CC514A61477}.Release|Any CPU.ActiveCfg = Release|Any CPU
		{F8FAC13C-54BE-4B01-92B0-8CC514A61477}.Release|Any CPU.Build.0 = Release|Any CPU
	EndGlobalSection
	GlobalSection(SolutionProperties) = preSolution
		HideSolutionNode = FALSE
	EndGlobalSection
	GlobalSection(ExtensibilityGlobals) = postSolution
		SolutionGuid = {B1A769C8-740A-464B-AC4C-CE254B640EB1}
	EndGlobalSection
EndGlobal
