
Microsoft Visual Studio Solution File, Format Version 12.00
# Visual Studio 15
VisualStudioVersion = 15.0.28010.2050
MinimumVisualStudioVersion = 10.0.40219.1
Project("{9A19103F-16F7-4668-BE54-9A1E7A4F7556}") = "T4Template", "T4Template\T4Template.csproj", "{0D61A770-6C0F-4764-9452-29429D657D61}"
EndProject
Project("{FAE04EC0-301F-11D3-BF4B-00C04F79EFBC}") = "DataBaseTest", "DataBaseTest\DataBaseTest.csproj", "{55723480-02A7-4E1E-B345-9648291512FE}"
EndProject
Global
	GlobalSection(SolutionConfigurationPlatforms) = preSolution
		Debug|Any CPU = Debug|Any CPU
		Release|Any CPU = Release|Any CPU
	EndGlobalSection
	GlobalSection(ProjectConfigurationPlatforms) = postSolution
		{0D61A770-6C0F-4764-9452-29429D657D61}.Debug|Any CPU.ActiveCfg = Debug|Any CPU
		{0D61A770-6C0F-4764-9452-29429D657D61}.Debug|Any CPU.Build.0 = Debug|Any CPU
		{0D61A770-6C0F-4764-9452-29429D657D61}.Release|Any CPU.ActiveCfg = Release|Any CPU
		{0D61A770-6C0F-4764-9452-29429D657D61}.Release|Any CPU.Build.0 = Release|Any CPU
		{55723480-02A7-4E1E-B345-9648291512FE}.Debug|Any CPU.ActiveCfg = Debug|Any CPU
		{55723480-02A7-4E1E-B345-9648291512FE}.Debug|Any CPU.Build.0 = Debug|Any CPU
		{55723480-02A7-4E1E-B345-9648291512FE}.Release|Any CPU.ActiveCfg = Release|Any CPU
		{55723480-02A7-4E1E-B345-9648291512FE}.Release|Any CPU.Build.0 = Release|Any CPU
	EndGlobalSection
	GlobalSection(SolutionProperties) = preSolution
		HideSolutionNode = FALSE
	EndGlobalSection
	GlobalSection(ExtensibilityGlobals) = postSolution
		SolutionGuid = {6A74E404-F4E1-49C4-871A-434C49A4B372}
	EndGlobalSection
EndGlobal
